
Microsoft Visual Studio Solution File, Format Version 12.00
# Visual Studio Version 16
VisualStudioVersion = 16.0.29905.134
MinimumVisualStudioVersion = 10.0.40219.1
Project("{F2A71F9B-5D33-465A-A702-920D77279786}") = "SolveKakuro", "SolveKakuro\SolveKakuro.fsproj", "{1789569A-5450-464E-A30E-A1FCF922A086}"
EndProject
Global
	GlobalSection(SolutionConfigurationPlatforms) = preSolution
		Debug|Any CPU = Debug|Any CPU
		Release|Any CPU = Release|Any CPU
	EndGlobalSection
	GlobalSection(ProjectConfigurationPlatforms) = postSolution
		{1789569A-5450-464E-A30E-A1FCF922A086}.Debug|Any CPU.ActiveCfg = Debug|Any CPU
		{1789569A-5450-464E-A30E-A1FCF922A086}.Debug|Any CPU.Build.0 = Debug|Any CPU
		{1789569A-5450-464E-A30E-A1FCF922A086}.Release|Any CPU.ActiveCfg = Release|Any CPU
		{1789569A-5450-464E-A30E-A1FCF922A086}.Release|Any CPU.Build.0 = Release|Any CPU
	EndGlobalSection
	GlobalSection(SolutionProperties) = preSolution
		HideSolutionNode = FALSE
	EndGlobalSection
	GlobalSection(ExtensibilityGlobals) = postSolution
		SolutionGuid = {5C20E5C2-40A5-4993-BE22-E0BD6322A033}
	EndGlobalSection
EndGlobal
